// !$*UTF8*$!
{
	archiveVersion = 1;
	classes = {
	};
	objectVersion = 56;
	objects = {

/* Begin PBXBuildFile section */
		5EAD2EF72C79C5CE00057D63 /* MovieDetailsViewController.swift in Sources */ = {isa = PBXBuildFile; fileRef = 5EAD2EF62C79C5CE00057D63 /* MovieDetailsViewController.swift */; };
		5EAD2EF92C79C72E00057D63 /* UIViewController+NavigationController.swift in Sources */ = {isa = PBXBuildFile; fileRef = 5EAD2EF82C79C72E00057D63 /* UIViewController+NavigationController.swift */; };
		5EAD2F052C79D02C00057D63 /* StarRatingStackView.swift in Sources */ = {isa = PBXBuildFile; fileRef = 5EAD2F012C79D02C00057D63 /* StarRatingStackView.swift */; };
		5EAD2F062C79D02C00057D63 /* StarRatingStackView.xib in Resources */ = {isa = PBXBuildFile; fileRef = 5EAD2F022C79D02C00057D63 /* StarRatingStackView.xib */; };
		5EAD2F072C79D02C00057D63 /* StarRatingView.swift in Sources */ = {isa = PBXBuildFile; fileRef = 5EAD2F032C79D02C00057D63 /* StarRatingView.swift */; };
		5EB6603A2C78A487006672CA /* AppDelegate.swift in Sources */ = {isa = PBXBuildFile; fileRef = 5EB660392C78A487006672CA /* AppDelegate.swift */; };
		5EB6603C2C78A487006672CA /* SceneDelegate.swift in Sources */ = {isa = PBXBuildFile; fileRef = 5EB6603B2C78A487006672CA /* SceneDelegate.swift */; };
		5EB660412C78A487006672CA /* Base in Resources */ = {isa = PBXBuildFile; fileRef = 5EB660402C78A487006672CA /* Base */; };
		5EB660432C78A489006672CA /* Assets.xcassets in Resources */ = {isa = PBXBuildFile; fileRef = 5EB660422C78A489006672CA /* Assets.xcassets */; };
		5EB660462C78A489006672CA /* Base in Resources */ = {isa = PBXBuildFile; fileRef = 5EB660452C78A489006672CA /* Base */; };
		5EB660512C78A489006672CA /* Nushift_TestTests.swift in Sources */ = {isa = PBXBuildFile; fileRef = 5EB660502C78A489006672CA /* Nushift_TestTests.swift */; };
		5EB6605B2C78A489006672CA /* Nushift_TestUITests.swift in Sources */ = {isa = PBXBuildFile; fileRef = 5EB6605A2C78A489006672CA /* Nushift_TestUITests.swift */; };
		5EB6605D2C78A489006672CA /* Nushift_TestUITestsLaunchTests.swift in Sources */ = {isa = PBXBuildFile; fileRef = 5EB6605C2C78A489006672CA /* Nushift_TestUITestsLaunchTests.swift */; };
		5EB6606F2C78ADFE006672CA /* MoviesModel.swift in Sources */ = {isa = PBXBuildFile; fileRef = 5EB6606E2C78ADFE006672CA /* MoviesModel.swift */; };
		5EB660712C78B037006672CA /* APIService.swift in Sources */ = {isa = PBXBuildFile; fileRef = 5EB660702C78B037006672CA /* APIService.swift */; };
		5EB660732C78B30A006672CA /* MoviesViewController.swift in Sources */ = {isa = PBXBuildFile; fileRef = 5EB660722C78B30A006672CA /* MoviesViewController.swift */; };
		5EB660752C78B344006672CA /* MoviesViewModel.swift in Sources */ = {isa = PBXBuildFile; fileRef = 5EB660742C78B344006672CA /* MoviesViewModel.swift */; };
		5EB660772C78B49A006672CA /* MoviesTableViewCell.swift in Sources */ = {isa = PBXBuildFile; fileRef = 5EB660762C78B49A006672CA /* MoviesTableViewCell.swift */; };
/* End PBXBuildFile section */

/* Begin PBXContainerItemProxy section */
		5EB6604D2C78A489006672CA /* PBXContainerItemProxy */ = {
			isa = PBXContainerItemProxy;
			containerPortal = 5EB6602E2C78A487006672CA /* Project object */;
			proxyType = 1;
			remoteGlobalIDString = 5EB660352C78A487006672CA;
			remoteInfo = Nushift_Test;
		};
		5EB660572C78A489006672CA /* PBXContainerItemProxy */ = {
			isa = PBXContainerItemProxy;
			containerPortal = 5EB6602E2C78A487006672CA /* Project object */;
			proxyType = 1;
			remoteGlobalIDString = 5EB660352C78A487006672CA;
			remoteInfo = Nushift_Test;
		};
/* End PBXContainerItemProxy section */

/* Begin PBXFileReference section */
		5EAD2EF62C79C5CE00057D63 /* MovieDetailsViewController.swift */ = {isa = PBXFileReference; lastKnownFileType = sourcecode.swift; path = MovieDetailsViewController.swift; sourceTree = "<group>"; };
		5EAD2EF82C79C72E00057D63 /* UIViewController+NavigationController.swift */ = {isa = PBXFileReference; lastKnownFileType = sourcecode.swift; path = "UIViewController+NavigationController.swift"; sourceTree = "<group>"; };
		5EAD2F012C79D02C00057D63 /* StarRatingStackView.swift */ = {isa = PBXFileReference; fileEncoding = 4; lastKnownFileType = sourcecode.swift; path = StarRatingStackView.swift; sourceTree = "<group>"; };
		5EAD2F022C79D02C00057D63 /* StarRatingStackView.xib */ = {isa = PBXFileReference; fileEncoding = 4; lastKnownFileType = file.xib; path = StarRatingStackView.xib; sourceTree = "<group>"; };
		5EAD2F032C79D02C00057D63 /* StarRatingView.swift */ = {isa = PBXFileReference; fileEncoding = 4; lastKnownFileType = sourcecode.swift; path = StarRatingView.swift; sourceTree = "<group>"; };
		5EB660362C78A487006672CA /* Nushift_Test.app */ = {isa = PBXFileReference; explicitFileType = wrapper.application; includeInIndex = 0; path = Nushift_Test.app; sourceTree = BUILT_PRODUCTS_DIR; };
		5EB660392C78A487006672CA /* AppDelegate.swift */ = {isa = PBXFileReference; lastKnownFileType = sourcecode.swift; path = AppDelegate.swift; sourceTree = "<group>"; };
		5EB6603B2C78A487006672CA /* SceneDelegate.swift */ = {isa = PBXFileReference; lastKnownFileType = sourcecode.swift; path = SceneDelegate.swift; sourceTree = "<group>"; };
		5EB660402C78A487006672CA /* Base */ = {isa = PBXFileReference; lastKnownFileType = file.storyboard; name = Base; path = Base.lproj/Main.storyboard; sourceTree = "<group>"; };
		5EB660422C78A489006672CA /* Assets.xcassets */ = {isa = PBXFileReference; lastKnownFileType = folder.assetcatalog; path = Assets.xcassets; sourceTree = "<group>"; };
		5EB660452C78A489006672CA /* Base */ = {isa = PBXFileReference; lastKnownFileType = file.storyboard; name = Base; path = Base.lproj/LaunchScreen.storyboard; sourceTree = "<group>"; };
		5EB660472C78A489006672CA /* Info.plist */ = {isa = PBXFileReference; lastKnownFileType = text.plist.xml; path = Info.plist; sourceTree = "<group>"; };
		5EB6604C2C78A489006672CA /* Nushift_TestTests.xctest */ = {isa = PBXFileReference; explicitFileType = wrapper.cfbundle; includeInIndex = 0; path = Nushift_TestTests.xctest; sourceTree = BUILT_PRODUCTS_DIR; };
		5EB660502C78A489006672CA /* Nushift_TestTests.swift */ = {isa = PBXFileReference; lastKnownFileType = sourcecode.swift; path = Nushift_TestTests.swift; sourceTree = "<group>"; };
		5EB660562C78A489006672CA /* Nushift_TestUITests.xctest */ = {isa = PBXFileReference; explicitFileType = wrapper.cfbundle; includeInIndex = 0; path = Nushift_TestUITests.xctest; sourceTree = BUILT_PRODUCTS_DIR; };
		5EB6605A2C78A489006672CA /* Nushift_TestUITests.swift */ = {isa = PBXFileReference; lastKnownFileType = sourcecode.swift; path = Nushift_TestUITests.swift; sourceTree = "<group>"; };
		5EB6605C2C78A489006672CA /* Nushift_TestUITestsLaunchTests.swift */ = {isa = PBXFileReference; lastKnownFileType = sourcecode.swift; path = Nushift_TestUITestsLaunchTests.swift; sourceTree = "<group>"; };
		5EB6606E2C78ADFE006672CA /* MoviesModel.swift */ = {isa = PBXFileReference; lastKnownFileType = sourcecode.swift; path = MoviesModel.swift; sourceTree = "<group>"; };
		5EB660702C78B037006672CA /* APIService.swift */ = {isa = PBXFileReference; lastKnownFileType = sourcecode.swift; path = APIService.swift; sourceTree = "<group>"; };
		5EB660722C78B30A006672CA /* MoviesViewController.swift */ = {isa = PBXFileReference; lastKnownFileType = sourcecode.swift; path = MoviesViewController.swift; sourceTree = "<group>"; };
		5EB660742C78B344006672CA /* MoviesViewModel.swift */ = {isa = PBXFileReference; lastKnownFileType = sourcecode.swift; path = MoviesViewModel.swift; sourceTree = "<group>"; };
		5EB660762C78B49A006672CA /* MoviesTableViewCell.swift */ = {isa = PBXFileReference; lastKnownFileType = sourcecode.swift; path = MoviesTableViewCell.swift; sourceTree = "<group>"; };
/* End PBXFileReference section */

/* Begin PBXFrameworksBuildPhase section */
		5EB660332C78A487006672CA /* Frameworks */ = {
			isa = PBXFrameworksBuildPhase;
			buildActionMask = 2147483647;
			files = (
			);
			runOnlyForDeploymentPostprocessing = 0;
		};
		5EB660492C78A489006672CA /* Frameworks */ = {
			isa = PBXFrameworksBuildPhase;
			buildActionMask = 2147483647;
			files = (
			);
			runOnlyForDeploymentPostprocessing = 0;
		};
		5EB660532C78A489006672CA /* Frameworks */ = {
			isa = PBXFrameworksBuildPhase;
			buildActionMask = 2147483647;
			files = (
			);
			runOnlyForDeploymentPostprocessing = 0;
		};
/* End PBXFrameworksBuildPhase section */

/* Begin PBXGroup section */
		5EAD2F042C79D02C00057D63 /* RatingView */ = {
			isa = PBXGroup;
			children = (
				5EAD2F012C79D02C00057D63 /* StarRatingStackView.swift */,
				5EAD2F022C79D02C00057D63 /* StarRatingStackView.xib */,
				5EAD2F032C79D02C00057D63 /* StarRatingView.swift */,
			);
			path = RatingView;
			sourceTree = "<group>";
		};
		5EB6602D2C78A487006672CA = {
			isa = PBXGroup;
			children = (
				5EB660382C78A487006672CA /* Nushift_Test */,
				5EB6604F2C78A489006672CA /* Nushift_TestTests */,
				5EB660592C78A489006672CA /* Nushift_TestUITests */,
				5EB660372C78A487006672CA /* Products */,
			);
			sourceTree = "<group>";
		};
		5EB660372C78A487006672CA /* Products */ = {
			isa = PBXGroup;
			children = (
				5EB660362C78A487006672CA /* Nushift_Test.app */,
				5EB6604C2C78A489006672CA /* Nushift_TestTests.xctest */,
				5EB660562C78A489006672CA /* Nushift_TestUITests.xctest */,
			);
			name = Products;
			sourceTree = "<group>";
		};
		5EB660382C78A487006672CA /* Nushift_Test */ = {
			isa = PBXGroup;
			children = (
				5EB660392C78A487006672CA /* AppDelegate.swift */,
				5EB6603B2C78A487006672CA /* SceneDelegate.swift */,
				5EB6606D2C78AD9F006672CA /* ViewController */,
				5EB6606C2C78AD97006672CA /* Networking */,
				5EB6606B2C78AD8C006672CA /* ViewModel */,
				5EB6606A2C78AD85006672CA /* View */,
				5EB660692C78AD7D006672CA /* Model */,
				5EB660422C78A489006672CA /* Assets.xcassets */,
				5EAD2F042C79D02C00057D63 /* RatingView */,
				5EB660442C78A489006672CA /* LaunchScreen.storyboard */,
				5EB660472C78A489006672CA /* Info.plist */,
			);
			path = Nushift_Test;
			sourceTree = "<group>";
		};
		5EB6604F2C78A489006672CA /* Nushift_TestTests */ = {
			isa = PBXGroup;
			children = (
				5EB660502C78A489006672CA /* Nushift_TestTests.swift */,
			);
			path = Nushift_TestTests;
			sourceTree = "<group>";
		};
		5EB660592C78A489006672CA /* Nushift_TestUITests */ = {
			isa = PBXGroup;
			children = (
				5EB6605A2C78A489006672CA /* Nushift_TestUITests.swift */,
				5EB6605C2C78A489006672CA /* Nushift_TestUITestsLaunchTests.swift */,
			);
			path = Nushift_TestUITests;
			sourceTree = "<group>";
		};
		5EB660692C78AD7D006672CA /* Model */ = {
			isa = PBXGroup;
			children = (
				5EB6606E2C78ADFE006672CA /* MoviesModel.swift */,
			);
			path = Model;
			sourceTree = "<group>";
		};
		5EB6606A2C78AD85006672CA /* View */ = {
			isa = PBXGroup;
			children = (
				5EB6603F2C78A487006672CA /* Main.storyboard */,
				5EB660762C78B49A006672CA /* MoviesTableViewCell.swift */,
			);
			path = View;
			sourceTree = "<group>";
		};
		5EB6606B2C78AD8C006672CA /* ViewModel */ = {
			isa = PBXGroup;
			children = (
				5EB660742C78B344006672CA /* MoviesViewModel.swift */,
			);
			path = ViewModel;
			sourceTree = "<group>";
		};
		5EB6606C2C78AD97006672CA /* Networking */ = {
			isa = PBXGroup;
			children = (
				5EB660702C78B037006672CA /* APIService.swift */,
			);
			path = Networking;
			sourceTree = "<group>";
		};
		5EB6606D2C78AD9F006672CA /* ViewController */ = {
			isa = PBXGroup;
			children = (
				5EB660722C78B30A006672CA /* MoviesViewController.swift */,
				5EAD2EF62C79C5CE00057D63 /* MovieDetailsViewController.swift */,
				5EAD2EF82C79C72E00057D63 /* UIViewController+NavigationController.swift */,
			);
			path = ViewController;
			sourceTree = "<group>";
		};
/* End PBXGroup section */

/* Begin PBXNativeTarget section */
		5EB660352C78A487006672CA /* Nushift_Test */ = {
			isa = PBXNativeTarget;
			buildConfigurationList = 5EB660602C78A489006672CA /* Build configuration list for PBXNativeTarget "Nushift_Test" */;
			buildPhases = (
				5EB660322C78A487006672CA /* Sources */,
				5EB660332C78A487006672CA /* Frameworks */,
				5EB660342C78A487006672CA /* Resources */,
			);
			buildRules = (
			);
			dependencies = (
			);
			name = Nushift_Test;
			productName = Nushift_Test;
			productReference = 5EB660362C78A487006672CA /* Nushift_Test.app */;
			productType = "com.apple.product-type.application";
		};
		5EB6604B2C78A489006672CA /* Nushift_TestTests */ = {
			isa = PBXNativeTarget;
			buildConfigurationList = 5EB660632C78A489006672CA /* Build configuration list for PBXNativeTarget "Nushift_TestTests" */;
			buildPhases = (
				5EB660482C78A489006672CA /* Sources */,
				5EB660492C78A489006672CA /* Frameworks */,
				5EB6604A2C78A489006672CA /* Resources */,
			);
			buildRules = (
			);
			dependencies = (
				5EB6604E2C78A489006672CA /* PBXTargetDependency */,
			);
			name = Nushift_TestTests;
			productName = Nushift_TestTests;
			productReference = 5EB6604C2C78A489006672CA /* Nushift_TestTests.xctest */;
			productType = "com.apple.product-type.bundle.unit-test";
		};
		5EB660552C78A489006672CA /* Nushift_TestUITests */ = {
			isa = PBXNativeTarget;
			buildConfigurationList = 5EB660662C78A489006672CA /* Build configuration list for PBXNativeTarget "Nushift_TestUITests" */;
			buildPhases = (
				5EB660522C78A489006672CA /* Sources */,
				5EB660532C78A489006672CA /* Frameworks */,
				5EB660542C78A489006672CA /* Resources */,
			);
			buildRules = (
			);
			dependencies = (
				5EB660582C78A489006672CA /* PBXTargetDependency */,
			);
			name = Nushift_TestUITests;
			productName = Nushift_TestUITests;
			productReference = 5EB660562C78A489006672CA /* Nushift_TestUITests.xctest */;
			productType = "com.apple.product-type.bundle.ui-testing";
		};
/* End PBXNativeTarget section */

/* Begin PBXProject section */
		5EB6602E2C78A487006672CA /* Project object */ = {
			isa = PBXProject;
			attributes = {
				BuildIndependentTargetsInParallel = 1;
				LastSwiftUpdateCheck = 1540;
				LastUpgradeCheck = 1540;
				TargetAttributes = {
					5EB660352C78A487006672CA = {
						CreatedOnToolsVersion = 15.4;
					};
					5EB6604B2C78A489006672CA = {
						CreatedOnToolsVersion = 15.4;
						TestTargetID = 5EB660352C78A487006672CA;
					};
					5EB660552C78A489006672CA = {
						CreatedOnToolsVersion = 15.4;
						TestTargetID = 5EB660352C78A487006672CA;
					};
				};
			};
			buildConfigurationList = 5EB660312C78A487006672CA /* Build configuration list for PBXProject "Nushift_Test" */;
			compatibilityVersion = "Xcode 14.0";
			developmentRegion = en;
			hasScannedForEncodings = 0;
			knownRegions = (
				en,
				Base,
			);
			mainGroup = 5EB6602D2C78A487006672CA;
			productRefGroup = 5EB660372C78A487006672CA /* Products */;
			projectDirPath = "";
			projectRoot = "";
			targets = (
				5EB660352C78A487006672CA /* Nushift_Test */,
				5EB6604B2C78A489006672CA /* Nushift_TestTests */,
				5EB660552C78A489006672CA /* Nushift_TestUITests */,
			);
		};
/* End PBXProject section */

/* Begin PBXResourcesBuildPhase section */
		5EB660342C78A487006672CA /* Resources */ = {
			isa = PBXResourcesBuildPhase;
			buildActionMask = 2147483647;
			files = (
				5EAD2F062C79D02C00057D63 /* StarRatingStackView.xib in Resources */,
				5EB660432C78A489006672CA /* Assets.xcassets in Resources */,
				5EB660462C78A489006672CA /* Base in Resources */,
				5EB660412C78A487006672CA /* Base in Resources */,
			);
			runOnlyForDeploymentPostprocessing = 0;
		};
		5EB6604A2C78A489006672CA /* Resources */ = {
			isa = PBXResourcesBuildPhase;
			buildActionMask = 2147483647;
			files = (
			);
			runOnlyForDeploymentPostprocessing = 0;
		};
		5EB660542C78A489006672CA /* Resources */ = {
			isa = PBXResourcesBuildPhase;
			buildActionMask = 2147483647;
			files = (
			);
			runOnlyForDeploymentPostprocessing = 0;
		};
/* End PBXResourcesBuildPhase section */

/* Begin PBXSourcesBuildPhase section */
		5EB660322C78A487006672CA /* Sources */ = {
			isa = PBXSourcesBuildPhase;
			buildActionMask = 2147483647;
			files = (
				5EAD2EF72C79C5CE00057D63 /* MovieDetailsViewController.swift in Sources */,
				5EB6606F2C78ADFE006672CA /* MoviesModel.swift in Sources */,
				5EAD2F072C79D02C00057D63 /* StarRatingView.swift in Sources */,
				5EAD2F052C79D02C00057D63 /* StarRatingStackView.swift in Sources */,
				5EB660712C78B037006672CA /* APIService.swift in Sources */,
				5EB660772C78B49A006672CA /* MoviesTableViewCell.swift in Sources */,
				5EB6603A2C78A487006672CA /* AppDelegate.swift in Sources */,
				5EAD2EF92C79C72E00057D63 /* UIViewController+NavigationController.swift in Sources */,
				5EB6603C2C78A487006672CA /* SceneDelegate.swift in Sources */,
				5EB660752C78B344006672CA /* MoviesViewModel.swift in Sources */,
				5EB660732C78B30A006672CA /* MoviesViewController.swift in Sources */,
			);
			runOnlyForDeploymentPostprocessing = 0;
		};
		5EB660482C78A489006672CA /* Sources */ = {
			isa = PBXSourcesBuildPhase;
			buildActionMask = 2147483647;
			files = (
				5EB660512C78A489006672CA /* Nushift_TestTests.swift in Sources */,
			);
			runOnlyForDeploymentPostprocessing = 0;
		};
		5EB660522C78A489006672CA /* Sources */ = {
			isa = PBXSourcesBuildPhase;
			buildActionMask = 2147483647;
			files = (
				5EB6605D2C78A489006672CA /* Nushift_TestUITestsLaunchTests.swift in Sources */,
				5EB6605B2C78A489006672CA /* Nushift_TestUITests.swift in Sources */,
			);
			runOnlyForDeploymentPostprocessing = 0;
		};
/* End PBXSourcesBuildPhase section */

/* Begin PBXTargetDependency section */
		5EB6604E2C78A489006672CA /* PBXTargetDependency */ = {
			isa = PBXTargetDependency;
			target = 5EB660352C78A487006672CA /* Nushift_Test */;
			targetProxy = 5EB6604D2C78A489006672CA /* PBXContainerItemProxy */;
		};
		5EB660582C78A489006672CA /* PBXTargetDependency */ = {
			isa = PBXTargetDependency;
			target = 5EB660352C78A487006672CA /* Nushift_Test */;
			targetProxy = 5EB660572C78A489006672CA /* PBXContainerItemProxy */;
		};
/* End PBXTargetDependency section */

/* Begin PBXVariantGroup section */
		5EB6603F2C78A487006672CA /* Main.storyboard */ = {
			isa = PBXVariantGroup;
			children = (
				5EB660402C78A487006672CA /* Base */,
			);
			name = Main.storyboard;
			sourceTree = "<group>";
		};
		5EB660442C78A489006672CA /* LaunchScreen.storyboard */ = {
			isa = PBXVariantGroup;
			children = (
				5EB660452C78A489006672CA /* Base */,
			);
			name = LaunchScreen.storyboard;
			sourceTree = "<group>";
		};
/* End PBXVariantGroup section */

/* Begin XCBuildConfiguration section */
		5EB6605E2C78A489006672CA /* Debug */ = {
			isa = XCBuildConfiguration;
			buildSettings = {
				ALWAYS_SEARCH_USER_PATHS = NO;
				ASSETCATALOG_COMPILER_GENERATE_SWIFT_ASSET_SYMBOL_EXTENSIONS = YES;
				CLANG_ANALYZER_NONNULL = YES;
				CLANG_ANALYZER_NUMBER_OBJECT_CONVERSION = YES_AGGRESSIVE;
				CLANG_CXX_LANGUAGE_STANDARD = "gnu++20";
				CLANG_ENABLE_MODULES = YES;
				CLANG_ENABLE_OBJC_ARC = YES;
				CLANG_ENABLE_OBJC_WEAK = YES;
				CLANG_WARN_BLOCK_CAPTURE_AUTORELEASING = YES;
				CLANG_WARN_BOOL_CONVERSION = YES;
				CLANG_WARN_COMMA = YES;
				CLANG_WARN_CONSTANT_CONVERSION = YES;
				CLANG_WARN_DEPRECATED_OBJC_IMPLEMENTATIONS = YES;
				CLANG_WARN_DIRECT_OBJC_ISA_USAGE = YES_ERROR;
				CLANG_WARN_DOCUMENTATION_COMMENTS = YES;
				CLANG_WARN_EMPTY_BODY = YES;
				CLANG_WARN_ENUM_CONVERSION = YES;
				CLANG_WARN_INFINITE_RECURSION = YES;
				CLANG_WARN_INT_CONVERSION = YES;
				CLANG_WARN_NON_LITERAL_NULL_CONVERSION = YES;
				CLANG_WARN_OBJC_IMPLICIT_RETAIN_SELF = YES;
				CLANG_WARN_OBJC_LITERAL_CONVERSION = YES;
				CLANG_WARN_OBJC_ROOT_CLASS = YES_ERROR;
				CLANG_WARN_QUOTED_INCLUDE_IN_FRAMEWORK_HEADER = YES;
				CLANG_WARN_RANGE_LOOP_ANALYSIS = YES;
				CLANG_WARN_STRICT_PROTOTYPES = YES;
				CLANG_WARN_SUSPICIOUS_MOVE = YES;
				CLANG_WARN_UNGUARDED_AVAILABILITY = YES_AGGRESSIVE;
				CLANG_WARN_UNREACHABLE_CODE = YES;
				CLANG_WARN__DUPLICATE_METHOD_MATCH = YES;
				COPY_PHASE_STRIP = NO;
				DEBUG_INFORMATION_FORMAT = dwarf;
				ENABLE_STRICT_OBJC_MSGSEND = YES;
				ENABLE_TESTABILITY = YES;
				ENABLE_USER_SCRIPT_SANDBOXING = YES;
				GCC_C_LANGUAGE_STANDARD = gnu17;
				GCC_DYNAMIC_NO_PIC = NO;
				GCC_NO_COMMON_BLOCKS = YES;
				GCC_OPTIMIZATION_LEVEL = 0;
				GCC_PREPROCESSOR_DEFINITIONS = (
					"DEBUG=1",
					"$(inherited)",
				);
				GCC_WARN_64_TO_32_BIT_CONVERSION = YES;
				GCC_WARN_ABOUT_RETURN_TYPE = YES_ERROR;
				GCC_WARN_UNDECLARED_SELECTOR = YES;
				GCC_WARN_UNINITIALIZED_AUTOS = YES_AGGRESSIVE;
				GCC_WARN_UNUSED_FUNCTION = YES;
				GCC_WARN_UNUSED_VARIABLE = YES;
				IPHONEOS_DEPLOYMENT_TARGET = 17.5;
				LOCALIZATION_PREFERS_STRING_CATALOGS = YES;
				MTL_ENABLE_DEBUG_INFO = INCLUDE_SOURCE;
				MTL_FAST_MATH = YES;
				ONLY_ACTIVE_ARCH = YES;
				SDKROOT = iphoneos;
				SWIFT_ACTIVE_COMPILATION_CONDITIONS = "DEBUG $(inherited)";
				SWIFT_OPTIMIZATION_LEVEL = "-Onone";
			};
			name = Debug;
		};
		5EB6605F2C78A489006672CA /* Release */ = {
			isa = XCBuildConfiguration;
			buildSettings = {
				ALWAYS_SEARCH_USER_PATHS = NO;
				ASSETCATALOG_COMPILER_GENERATE_SWIFT_ASSET_SYMBOL_EXTENSIONS = YES;
				CLANG_ANALYZER_NONNULL = YES;
				CLANG_ANALYZER_NUMBER_OBJECT_CONVERSION = YES_AGGRESSIVE;
				CLANG_CXX_LANGUAGE_STANDARD = "gnu++20";
				CLANG_ENABLE_MODULES = YES;
				CLANG_ENABLE_OBJC_ARC = YES;
				CLANG_ENABLE_OBJC_WEAK = YES;
				CLANG_WARN_BLOCK_CAPTURE_AUTORELEASING = YES;
				CLANG_WARN_BOOL_CONVERSION = YES;
				CLANG_WARN_COMMA = YES;
				CLANG_WARN_CONSTANT_CONVERSION = YES;
				CLANG_WARN_DEPRECATED_OBJC_IMPLEMENTATIONS = YES;
				CLANG_WARN_DIRECT_OBJC_ISA_USAGE = YES_ERROR;
				CLANG_WARN_DOCUMENTATION_COMMENTS = YES;
				CLANG_WARN_EMPTY_BODY = YES;
				CLANG_WARN_ENUM_CONVERSION = YES;
				CLANG_WARN_INFINITE_RECURSION = YES;
				CLANG_WARN_INT_CONVERSION = YES;
				CLANG_WARN_NON_LITERAL_NULL_CONVERSION = YES;
				CLANG_WARN_OBJC_IMPLICIT_RETAIN_SELF = YES;
				CLANG_WARN_OBJC_LITERAL_CONVERSION = YES;
				CLANG_WARN_OBJC_ROOT_CLASS = YES_ERROR;
				CLANG_WARN_QUOTED_INCLUDE_IN_FRAMEWORK_HEADER = YES;
				CLANG_WARN_RANGE_LOOP_ANALYSIS = YES;
				CLANG_WARN_STRICT_PROTOTYPES = YES;
				CLANG_WARN_SUSPICIOUS_MOVE = YES;
				CLANG_WARN_UNGUARDED_AVAILABILITY = YES_AGGRESSIVE;
				CLANG_WARN_UNREACHABLE_CODE = YES;
				CLANG_WARN__DUPLICATE_METHOD_MATCH = YES;
				COPY_PHASE_STRIP = NO;
				DEBUG_INFORMATION_FORMAT = "dwarf-with-dsym";
				ENABLE_NS_ASSERTIONS = NO;
				ENABLE_STRICT_OBJC_MSGSEND = YES;
				ENABLE_USER_SCRIPT_SANDBOXING = YES;
				GCC_C_LANGUAGE_STANDARD = gnu17;
				GCC_NO_COMMON_BLOCKS = YES;
				GCC_WARN_64_TO_32_BIT_CONVERSION = YES;
				GCC_WARN_ABOUT_RETURN_TYPE = YES_ERROR;
				GCC_WARN_UNDECLARED_SELECTOR = YES;
				GCC_WARN_UNINITIALIZED_AUTOS = YES_AGGRESSIVE;
				GCC_WARN_UNUSED_FUNCTION = YES;
				GCC_WARN_UNUSED_VARIABLE = YES;
				IPHONEOS_DEPLOYMENT_TARGET = 17.5;
				LOCALIZATION_PREFERS_STRING_CATALOGS = YES;
				MTL_ENABLE_DEBUG_INFO = NO;
				MTL_FAST_MATH = YES;
				SDKROOT = iphoneos;
				SWIFT_COMPILATION_MODE = wholemodule;
				VALIDATE_PRODUCT = YES;
			};
			name = Release;
		};
		5EB660612C78A489006672CA /* Debug */ = {
			isa = XCBuildConfiguration;
			buildSettings = {
				ASSETCATALOG_COMPILER_APPICON_NAME = AppIcon;
				ASSETCATALOG_COMPILER_GLOBAL_ACCENT_COLOR_NAME = AccentColor;
				CODE_SIGN_STYLE = Automatic;
				CURRENT_PROJECT_VERSION = 1;
				DEVELOPMENT_TEAM = W9E226Y5KK;
				GENERATE_INFOPLIST_FILE = YES;
				INFOPLIST_FILE = Nushift_Test/Info.plist;
				INFOPLIST_KEY_UIApplicationSupportsIndirectInputEvents = YES;
				INFOPLIST_KEY_UILaunchStoryboardName = LaunchScreen;
				INFOPLIST_KEY_UIMainStoryboardFile = Main;
				INFOPLIST_KEY_UISupportedInterfaceOrientations_iPad = "UIInterfaceOrientationPortrait UIInterfaceOrientationPortraitUpsideDown UIInterfaceOrientationLandscapeLeft UIInterfaceOrientationLandscapeRight";
				INFOPLIST_KEY_UISupportedInterfaceOrientations_iPhone = "UIInterfaceOrientationPortrait UIInterfaceOrientationLandscapeLeft UIInterfaceOrientationLandscapeRight";
				LD_RUNPATH_SEARCH_PATHS = (
					"$(inherited)",
					"@executable_path/Frameworks",
				);
				MARKETING_VERSION = 1.0;
				PRODUCT_BUNDLE_IDENTIFIER = "com.ibm.Nushift-Test";
				PRODUCT_NAME = "$(TARGET_NAME)";
				SWIFT_EMIT_LOC_STRINGS = YES;
				SWIFT_VERSION = 5.0;
				TARGETED_DEVICE_FAMILY = "1,2";
			};
			name = Debug;
		};
		5EB660622C78A489006672CA /* Release */ = {
			isa = XCBuildConfiguration;
			buildSettings = {
				ASSETCATALOG_COMPILER_APPICON_NAME = AppIcon;
				ASSETCATALOG_COMPILER_GLOBAL_ACCENT_COLOR_NAME = AccentColor;
				CODE_SIGN_STYLE = Automatic;
				CURRENT_PROJECT_VERSION = 1;
				DEVELOPMENT_TEAM = W9E226Y5KK;
				GENERATE_INFOPLIST_FILE = YES;
				INFOPLIST_FILE = Nushift_Test/Info.plist;
				INFOPLIST_KEY_UIApplicationSupportsIndirectInputEvents = YES;
				INFOPLIST_KEY_UILaunchStoryboardName = LaunchScreen;
				INFOPLIST_KEY_UIMainStoryboardFile = Main;
				INFOPLIST_KEY_UISupportedInterfaceOrientations_iPad = "UIInterfaceOrientationPortrait UIInterfaceOrientationPortraitUpsideDown UIInterfaceOrientationLandscapeLeft UIInterfaceOrientationLandscapeRight";
				INFOPLIST_KEY_UISupportedInterfaceOrientations_iPhone = "UIInterfaceOrientationPortrait UIInterfaceOrientationLandscapeLeft UIInterfaceOrientationLandscapeRight";
				LD_RUNPATH_SEARCH_PATHS = (
					"$(inherited)",
					"@executable_path/Frameworks",
				);
				MARKETING_VERSION = 1.0;
				PRODUCT_BUNDLE_IDENTIFIER = "com.ibm.Nushift-Test";
				PRODUCT_NAME = "$(TARGET_NAME)";
				SWIFT_EMIT_LOC_STRINGS = YES;
				SWIFT_VERSION = 5.0;
				TARGETED_DEVICE_FAMILY = "1,2";
			};
			name = Release;
		};
		5EB660642C78A489006672CA /* Debug */ = {
			isa = XCBuildConfiguration;
			buildSettings = {
				ALWAYS_EMBED_SWIFT_STANDARD_LIBRARIES = YES;
				BUNDLE_LOADER = "$(TEST_HOST)";
				CODE_SIGN_STYLE = Automatic;
				CURRENT_PROJECT_VERSION = 1;
				DEVELOPMENT_TEAM = W9E226Y5KK;
				GENERATE_INFOPLIST_FILE = YES;
				IPHONEOS_DEPLOYMENT_TARGET = 17.5;
				MARKETING_VERSION = 1.0;
				PRODUCT_BUNDLE_IDENTIFIER = "com.ibm.Nushift-TestTests";
				PRODUCT_NAME = "$(TARGET_NAME)";
				SWIFT_EMIT_LOC_STRINGS = NO;
				SWIFT_VERSION = 5.0;
				TARGETED_DEVICE_FAMILY = "1,2";
				TEST_HOST = "$(BUILT_PRODUCTS_DIR)/Nushift_Test.app/$(BUNDLE_EXECUTABLE_FOLDER_PATH)/Nushift_Test";
			};
			name = Debug;
		};
		5EB660652C78A489006672CA /* Release */ = {
			isa = XCBuildConfiguration;
			buildSettings = {
				ALWAYS_EMBED_SWIFT_STANDARD_LIBRARIES = YES;
				BUNDLE_LOADER = "$(TEST_HOST)";
				CODE_SIGN_STYLE = Automatic;
				CURRENT_PROJECT_VERSION = 1;
				DEVELOPMENT_TEAM = W9E226Y5KK;
				GENERATE_INFOPLIST_FILE = YES;
				IPHONEOS_DEPLOYMENT_TARGET = 17.5;
				MARKETING_VERSION = 1.0;
				PRODUCT_BUNDLE_IDENTIFIER = "com.ibm.Nushift-TestTests";
				PRODUCT_NAME = "$(TARGET_NAME)";
				SWIFT_EMIT_LOC_STRINGS = NO;
				SWIFT_VERSION = 5.0;
				TARGETED_DEVICE_FAMILY = "1,2";
				TEST_HOST = "$(BUILT_PRODUCTS_DIR)/Nushift_Test.app/$(BUNDLE_EXECUTABLE_FOLDER_PATH)/Nushift_Test";
			};
			name = Release;
		};
		5EB660672C78A489006672CA /* Debug */ = {
			isa = XCBuildConfiguration;
			buildSettings = {
				ALWAYS_EMBED_SWIFT_STANDARD_LIBRARIES = YES;
				CODE_SIGN_STYLE = Automatic;
				CURRENT_PROJECT_VERSION = 1;
				DEVELOPMENT_TEAM = W9E226Y5KK;
				GENERATE_INFOPLIST_FILE = YES;
				MARKETING_VERSION = 1.0;
				PRODUCT_BUNDLE_IDENTIFIER = "com.ibm.Nushift-TestUITests";
				PRODUCT_NAME = "$(TARGET_NAME)";
				SWIFT_EMIT_LOC_STRINGS = NO;
				SWIFT_VERSION = 5.0;
				TARGETED_DEVICE_FAMILY = "1,2";
				TEST_TARGET_NAME = Nushift_Test;
			};
			name = Debug;
		};
		5EB660682C78A489006672CA /* Release */ = {
			isa = XCBuildConfiguration;
			buildSettings = {
				ALWAYS_EMBED_SWIFT_STANDARD_LIBRARIES = YES;
				CODE_SIGN_STYLE = Automatic;
				CURRENT_PROJECT_VERSION = 1;
				DEVELOPMENT_TEAM = W9E226Y5KK;
				GENERATE_INFOPLIST_FILE = YES;
				MARKETING_VERSION = 1.0;
				PRODUCT_BUNDLE_IDENTIFIER = "com.ibm.Nushift-TestUITests";
				PRODUCT_NAME = "$(TARGET_NAME)";
				SWIFT_EMIT_LOC_STRINGS = NO;
				SWIFT_VERSION = 5.0;
				TARGETED_DEVICE_FAMILY = "1,2";
				TEST_TARGET_NAME = Nushift_Test;
			};
			name = Release;
		};
/* End XCBuildConfiguration section */

/* Begin XCConfigurationList section */
		5EB660312C78A487006672CA /* Build configuration list for PBXProject "Nushift_Test" */ = {
			isa = XCConfigurationList;
			buildConfigurations = (
				5EB6605E2C78A489006672CA /* Debug */,
				5EB6605F2C78A489006672CA /* Release */,
			);
			defaultConfigurationIsVisible = 0;
			defaultConfigurationName = Release;
		};
		5EB660602C78A489006672CA /* Build configuration list for PBXNativeTarget "Nushift_Test" */ = {
			isa = XCConfigurationList;
			buildConfigurations = (
				5EB660612C78A489006672CA /* Debug */,
				5EB660622C78A489006672CA /* Release */,
			);
			defaultConfigurationIsVisible = 0;
			defaultConfigurationName = Release;
		};
		5EB660632C78A489006672CA /* Build configuration list for PBXNativeTarget "Nushift_TestTests" */ = {
			isa = XCConfigurationList;
			buildConfigurations = (
				5EB660642C78A489006672CA /* Debug */,
				5EB660652C78A489006672CA /* Release */,
			);
			defaultConfigurationIsVisible = 0;
			defaultConfigurationName = Release;
		};
		5EB660662C78A489006672CA /* Build configuration list for PBXNativeTarget "Nushift_TestUITests" */ = {
			isa = XCConfigurationList;
			buildConfigurations = (
				5EB660672C78A489006672CA /* Debug */,
				5EB660682C78A489006672CA /* Release */,
			);
			defaultConfigurationIsVisible = 0;
			defaultConfigurationName = Release;
		};
/* End XCConfigurationList section */
	};
	rootObject = 5EB6602E2C78A487006672CA /* Project object */;
}
